{
  "nodes": {
    "nixpkgs": {
      "locked": {
        "lastModified": 1717503908,
        "narHash": "sha256-hsxbTeO6Dhobc2kELDwCgRJT9J5TotL6fS8z5P+OskI=",
        "owner": "NixOS",
        "repo": "nixpkgs",
        "rev": "50a127f8fccd0d24712c8ab146ca251f27cc4cb0",
        "type": "github"
      },
      "original": {
        "owner": "NixOS",
        "ref": "nixos-unstable-small",
        "repo": "nixpkgs",
        "type": "github"
      }
    },
    "root": {
      "inputs": {
        "nixpkgs": "nixpkgs"
      }
    }
  },
  "root": "root",
  "version": 7
}
