{
  "nodes": {
    "nixpkgs": {
      "locked": {
        "lastModified": 1723913895,
        "narHash": "sha256-yrsSD6YQat6I2Cd8smisSS+9GtmTnzXc7X2v78TDQyE=",
        "owner": "NixOS",
        "repo": "nixpkgs",
        "rev": "e93da03aa41a4271ae9746664cd426cb8c2e09ee",
        "type": "github"
      },
      "original": {
        "owner": "NixOS",
        "ref": "nixos-unstable-small",
        "repo": "nixpkgs",
        "type": "github"
      }
    },
    "root": {
      "inputs": {
        "nixpkgs": "nixpkgs"
      }
    }
  },
  "root": "root",
  "version": 7
}
