{
  "nodes": {
    "nixpkgs": {
      "locked": {
        "lastModified": 1729852875,
        "narHash": "sha256-UuPcH8qiGSDxXcQg16ibMl1OK3fZf6rG7Lw63MHCm5M=",
        "owner": "NixOS",
        "repo": "nixpkgs",
        "rev": "9801748d78845bda7f7b9d854edccef173a04c35",
        "type": "github"
      },
      "original": {
        "owner": "NixOS",
        "ref": "nixos-unstable-small",
        "repo": "nixpkgs",
        "type": "github"
      }
    },
    "root": {
      "inputs": {
        "nixpkgs": "nixpkgs"
      }
    }
  },
  "root": "root",
  "version": 7
}
